// !$*UTF8*$!
{
	archiveVersion = 1;
	classes = {
	};
	objectVersion = 56;
	objects = {

/* Begin PBXBuildFile section */
		94B6433F2C5F95F00050518F /* frist_iosApp.swift in Sources */ = {isa = PBXBuildFile; fileRef = 94B6433E2C5F95F00050518F /* frist_iosApp.swift */; };
		94B643412C5F95F00050518F /* ContentView.swift in Sources */ = {isa = PBXBuildFile; fileRef = 94B643402C5F95F00050518F /* ContentView.swift */; };
		94B643432C5F95F00050518F /* Item.swift in Sources */ = {isa = PBXBuildFile; fileRef = 94B643422C5F95F00050518F /* Item.swift */; };
		94B643452C5F95F20050518F /* Assets.xcassets in Resources */ = {isa = PBXBuildFile; fileRef = 94B643442C5F95F20050518F /* Assets.xcassets */; };
		94B643492C5F95F20050518F /* Preview Assets.xcassets in Resources */ = {isa = PBXBuildFile; fileRef = 94B643482C5F95F20050518F /* Preview Assets.xcassets */; };
		94B643532C5F95F20050518F /* frist_iosTests.swift in Sources */ = {isa = PBXBuildFile; fileRef = 94B643522C5F95F20050518F /* frist_iosTests.swift */; };
		94B6435D2C5F95F20050518F /* frist_iosUITests.swift in Sources */ = {isa = PBXBuildFile; fileRef = 94B6435C2C5F95F20050518F /* frist_iosUITests.swift */; };
		94B6435F2C5F95F20050518F /* frist_iosUITestsLaunchTests.swift in Sources */ = {isa = PBXBuildFile; fileRef = 94B6435E2C5F95F20050518F /* frist_iosUITestsLaunchTests.swift */; };
/* End PBXBuildFile section */

/* Begin PBXContainerItemProxy section */
		94B6434F2C5F95F20050518F /* PBXContainerItemProxy */ = {
			isa = PBXContainerItemProxy;
			containerPortal = 94B643332C5F95F00050518F /* Project object */;
			proxyType = 1;
			remoteGlobalIDString = 94B6433A2C5F95F00050518F;
			remoteInfo = "frist-ios";
		};
		94B643592C5F95F20050518F /* PBXContainerItemProxy */ = {
			isa = PBXContainerItemProxy;
			containerPortal = 94B643332C5F95F00050518F /* Project object */;
			proxyType = 1;
			remoteGlobalIDString = 94B6433A2C5F95F00050518F;
			remoteInfo = "frist-ios";
		};
/* End PBXContainerItemProxy section */

/* Begin PBXFileReference section */
		94B6433B2C5F95F00050518F /* frist-ios.app */ = {isa = PBXFileReference; explicitFileType = wrapper.application; includeInIndex = 0; path = "frist-ios.app"; sourceTree = BUILT_PRODUCTS_DIR; };
		94B6433E2C5F95F00050518F /* frist_iosApp.swift */ = {isa = PBXFileReference; lastKnownFileType = sourcecode.swift; path = frist_iosApp.swift; sourceTree = "<group>"; };
		94B643402C5F95F00050518F /* ContentView.swift */ = {isa = PBXFileReference; lastKnownFileType = sourcecode.swift; path = ContentView.swift; sourceTree = "<group>"; };
		94B643422C5F95F00050518F /* Item.swift */ = {isa = PBXFileReference; lastKnownFileType = sourcecode.swift; path = Item.swift; sourceTree = "<group>"; };
		94B643442C5F95F20050518F /* Assets.xcassets */ = {isa = PBXFileReference; lastKnownFileType = folder.assetcatalog; path = Assets.xcassets; sourceTree = "<group>"; };
		94B643462C5F95F20050518F /* frist_ios.entitlements */ = {isa = PBXFileReference; lastKnownFileType = text.plist.entitlements; path = frist_ios.entitlements; sourceTree = "<group>"; };
		94B643482C5F95F20050518F /* Preview Assets.xcassets */ = {isa = PBXFileReference; lastKnownFileType = folder.assetcatalog; path = "Preview Assets.xcassets"; sourceTree = "<group>"; };
		94B6434E2C5F95F20050518F /* frist-iosTests.xctest */ = {isa = PBXFileReference; explicitFileType = wrapper.cfbundle; includeInIndex = 0; path = "frist-iosTests.xctest"; sourceTree = BUILT_PRODUCTS_DIR; };
		94B643522C5F95F20050518F /* frist_iosTests.swift */ = {isa = PBXFileReference; lastKnownFileType = sourcecode.swift; path = frist_iosTests.swift; sourceTree = "<group>"; };
		94B643582C5F95F20050518F /* frist-iosUITests.xctest */ = {isa = PBXFileReference; explicitFileType = wrapper.cfbundle; includeInIndex = 0; path = "frist-iosUITests.xctest"; sourceTree = BUILT_PRODUCTS_DIR; };
		94B6435C2C5F95F20050518F /* frist_iosUITests.swift */ = {isa = PBXFileReference; lastKnownFileType = sourcecode.swift; path = frist_iosUITests.swift; sourceTree = "<group>"; };
		94B6435E2C5F95F20050518F /* frist_iosUITestsLaunchTests.swift */ = {isa = PBXFileReference; lastKnownFileType = sourcecode.swift; path = frist_iosUITestsLaunchTests.swift; sourceTree = "<group>"; };
/* End PBXFileReference section */

/* Begin PBXFrameworksBuildPhase section */
		94B643382C5F95F00050518F /* Frameworks */ = {
			isa = PBXFrameworksBuildPhase;
			buildActionMask = 2147483647;
			files = (
			);
			runOnlyForDeploymentPostprocessing = 0;
		};
		94B6434B2C5F95F20050518F /* Frameworks */ = {
			isa = PBXFrameworksBuildPhase;
			buildActionMask = 2147483647;
			files = (
			);
			runOnlyForDeploymentPostprocessing = 0;
		};
		94B643552C5F95F20050518F /* Frameworks */ = {
			isa = PBXFrameworksBuildPhase;
			buildActionMask = 2147483647;
			files = (
			);
			runOnlyForDeploymentPostprocessing = 0;
		};
/* End PBXFrameworksBuildPhase section */

/* Begin PBXGroup section */
		94B643322C5F95F00050518F = {
			isa = PBXGroup;
			children = (
				94B6433D2C5F95F00050518F /* frist-ios */,
				94B643512C5F95F20050518F /* frist-iosTests */,
				94B6435B2C5F95F20050518F /* frist-iosUITests */,
				94B6433C2C5F95F00050518F /* Products */,
			);
			sourceTree = "<group>";
		};
		94B6433C2C5F95F00050518F /* Products */ = {
			isa = PBXGroup;
			children = (
				94B6433B2C5F95F00050518F /* frist-ios.app */,
				94B6434E2C5F95F20050518F /* frist-iosTests.xctest */,
				94B643582C5F95F20050518F /* frist-iosUITests.xctest */,
			);
			name = Products;
			sourceTree = "<group>";
		};
		94B6433D2C5F95F00050518F /* frist-ios */ = {
			isa = PBXGroup;
			children = (
				94B6433E2C5F95F00050518F /* frist_iosApp.swift */,
				94B643402C5F95F00050518F /* ContentView.swift */,
				94B643422C5F95F00050518F /* Item.swift */,
				94B643442C5F95F20050518F /* Assets.xcassets */,
				94B643462C5F95F20050518F /* frist_ios.entitlements */,
				94B643472C5F95F20050518F /* Preview Content */,
			);
			path = "frist-ios";
			sourceTree = "<group>";
		};
		94B643472C5F95F20050518F /* Preview Content */ = {
			isa = PBXGroup;
			children = (
				94B643482C5F95F20050518F /* Preview Assets.xcassets */,
			);
			path = "Preview Content";
			sourceTree = "<group>";
		};
		94B643512C5F95F20050518F /* frist-iosTests */ = {
			isa = PBXGroup;
			children = (
				94B643522C5F95F20050518F /* frist_iosTests.swift */,
			);
			path = "frist-iosTests";
			sourceTree = "<group>";
		};
		94B6435B2C5F95F20050518F /* frist-iosUITests */ = {
			isa = PBXGroup;
			children = (
				94B6435C2C5F95F20050518F /* frist_iosUITests.swift */,
				94B6435E2C5F95F20050518F /* frist_iosUITestsLaunchTests.swift */,
			);
			path = "frist-iosUITests";
			sourceTree = "<group>";
		};
/* End PBXGroup section */

/* Begin PBXNativeTarget section */
		94B6433A2C5F95F00050518F /* frist-ios */ = {
			isa = PBXNativeTarget;
			buildConfigurationList = 94B643622C5F95F20050518F /* Build configuration list for PBXNativeTarget "frist-ios" */;
			buildPhases = (
				94B643372C5F95F00050518F /* Sources */,
				94B643382C5F95F00050518F /* Frameworks */,
				94B643392C5F95F00050518F /* Resources */,
			);
			buildRules = (
			);
			dependencies = (
			);
			name = "frist-ios";
			productName = "frist-ios";
			productReference = 94B6433B2C5F95F00050518F /* frist-ios.app */;
			productType = "com.apple.product-type.application";
		};
		94B6434D2C5F95F20050518F /* frist-iosTests */ = {
			isa = PBXNativeTarget;
			buildConfigurationList = 94B643652C5F95F20050518F /* Build configuration list for PBXNativeTarget "frist-iosTests" */;
			buildPhases = (
				94B6434A2C5F95F20050518F /* Sources */,
				94B6434B2C5F95F20050518F /* Frameworks */,
				94B6434C2C5F95F20050518F /* Resources */,
			);
			buildRules = (
			);
			dependencies = (
				94B643502C5F95F20050518F /* PBXTargetDependency */,
			);
			name = "frist-iosTests";
			productName = "frist-iosTests";
			productReference = 94B6434E2C5F95F20050518F /* frist-iosTests.xctest */;
			productType = "com.apple.product-type.bundle.unit-test";
		};
		94B643572C5F95F20050518F /* frist-iosUITests */ = {
			isa = PBXNativeTarget;
			buildConfigurationList = 94B643682C5F95F20050518F /* Build configuration list for PBXNativeTarget "frist-iosUITests" */;
			buildPhases = (
				94B643542C5F95F20050518F /* Sources */,
				94B643552C5F95F20050518F /* Frameworks */,
				94B643562C5F95F20050518F /* Resources */,
			);
			buildRules = (
			);
			dependencies = (
				94B6435A2C5F95F20050518F /* PBXTargetDependency */,
			);
			name = "frist-iosUITests";
			productName = "frist-iosUITests";
			productReference = 94B643582C5F95F20050518F /* frist-iosUITests.xctest */;
			productType = "com.apple.product-type.bundle.ui-testing";
		};
/* End PBXNativeTarget section */

/* Begin PBXProject section */
		94B643332C5F95F00050518F /* Project object */ = {
			isa = PBXProject;
			attributes = {
				BuildIndependentTargetsInParallel = 1;
				LastSwiftUpdateCheck = 1540;
				LastUpgradeCheck = 1540;
				TargetAttributes = {
					94B6433A2C5F95F00050518F = {
						CreatedOnToolsVersion = 15.4;
					};
					94B6434D2C5F95F20050518F = {
						CreatedOnToolsVersion = 15.4;
						TestTargetID = 94B6433A2C5F95F00050518F;
					};
					94B643572C5F95F20050518F = {
						CreatedOnToolsVersion = 15.4;
						TestTargetID = 94B6433A2C5F95F00050518F;
					};
				};
			};
			buildConfigurationList = 94B643362C5F95F00050518F /* Build configuration list for PBXProject "frist-ios" */;
			compatibilityVersion = "Xcode 14.0";
			developmentRegion = en;
			hasScannedForEncodings = 0;
			knownRegions = (
				en,
				Base,
			);
			mainGroup = 94B643322C5F95F00050518F;
			productRefGroup = 94B6433C2C5F95F00050518F /* Products */;
			projectDirPath = "";
			projectRoot = "";
			targets = (
				94B6433A2C5F95F00050518F /* frist-ios */,
				94B6434D2C5F95F20050518F /* frist-iosTests */,
				94B643572C5F95F20050518F /* frist-iosUITests */,
			);
		};
/* End PBXProject section */

/* Begin PBXResourcesBuildPhase section */
		94B643392C5F95F00050518F /* Resources */ = {
			isa = PBXResourcesBuildPhase;
			buildActionMask = 2147483647;
			files = (
				94B643492C5F95F20050518F /* Preview Assets.xcassets in Resources */,
				94B643452C5F95F20050518F /* Assets.xcassets in Resources */,
			);
			runOnlyForDeploymentPostprocessing = 0;
		};
		94B6434C2C5F95F20050518F /* Resources */ = {
			isa = PBXResourcesBuildPhase;
			buildActionMask = 2147483647;
			files = (
			);
			runOnlyForDeploymentPostprocessing = 0;
		};
		94B643562C5F95F20050518F /* Resources */ = {
			isa = PBXResourcesBuildPhase;
			buildActionMask = 2147483647;
			files = (
			);
			runOnlyForDeploymentPostprocessing = 0;
		};
/* End PBXResourcesBuildPhase section */

/* Begin PBXSourcesBuildPhase section */
		94B643372C5F95F00050518F /* Sources */ = {
			isa = PBXSourcesBuildPhase;
			buildActionMask = 2147483647;
			files = (
				94B643412C5F95F00050518F /* ContentView.swift in Sources */,
				94B643432C5F95F00050518F /* Item.swift in Sources */,
				94B6433F2C5F95F00050518F /* frist_iosApp.swift in Sources */,
			);
			runOnlyForDeploymentPostprocessing = 0;
		};
		94B6434A2C5F95F20050518F /* Sources */ = {
			isa = PBXSourcesBuildPhase;
			buildActionMask = 2147483647;
			files = (
				94B643532C5F95F20050518F /* frist_iosTests.swift in Sources */,
			);
			runOnlyForDeploymentPostprocessing = 0;
		};
		94B643542C5F95F20050518F /* Sources */ = {
			isa = PBXSourcesBuildPhase;
			buildActionMask = 2147483647;
			files = (
				94B6435D2C5F95F20050518F /* frist_iosUITests.swift in Sources */,
				94B6435F2C5F95F20050518F /* frist_iosUITestsLaunchTests.swift in Sources */,
			);
			runOnlyForDeploymentPostprocessing = 0;
		};
/* End PBXSourcesBuildPhase section */

/* Begin PBXTargetDependency section */
		94B643502C5F95F20050518F /* PBXTargetDependency */ = {
			isa = PBXTargetDependency;
			target = 94B6433A2C5F95F00050518F /* frist-ios */;
			targetProxy = 94B6434F2C5F95F20050518F /* PBXContainerItemProxy */;
		};
		94B6435A2C5F95F20050518F /* PBXTargetDependency */ = {
			isa = PBXTargetDependency;
			target = 94B6433A2C5F95F00050518F /* frist-ios */;
			targetProxy = 94B643592C5F95F20050518F /* PBXContainerItemProxy */;
		};
/* End PBXTargetDependency section */

/* Begin XCBuildConfiguration section */
		94B643602C5F95F20050518F /* Debug */ = {
			isa = XCBuildConfiguration;
			buildSettings = {
				ALWAYS_SEARCH_USER_PATHS = NO;
				ASSETCATALOG_COMPILER_GENERATE_SWIFT_ASSET_SYMBOL_EXTENSIONS = YES;
				CLANG_ANALYZER_NONNULL = YES;
				CLANG_ANALYZER_NUMBER_OBJECT_CONVERSION = YES_AGGRESSIVE;
				CLANG_CXX_LANGUAGE_STANDARD = "gnu++20";
				CLANG_ENABLE_MODULES = YES;
				CLANG_ENABLE_OBJC_ARC = YES;
				CLANG_ENABLE_OBJC_WEAK = YES;
				CLANG_WARN_BLOCK_CAPTURE_AUTORELEASING = YES;
				CLANG_WARN_BOOL_CONVERSION = YES;
				CLANG_WARN_COMMA = YES;
				CLANG_WARN_CONSTANT_CONVERSION = YES;
				CLANG_WARN_DEPRECATED_OBJC_IMPLEMENTATIONS = YES;
				CLANG_WARN_DIRECT_OBJC_ISA_USAGE = YES_ERROR;
				CLANG_WARN_DOCUMENTATION_COMMENTS = YES;
				CLANG_WARN_EMPTY_BODY = YES;
				CLANG_WARN_ENUM_CONVERSION = YES;
				CLANG_WARN_INFINITE_RECURSION = YES;
				CLANG_WARN_INT_CONVERSION = YES;
				CLANG_WARN_NON_LITERAL_NULL_CONVERSION = YES;
				CLANG_WARN_OBJC_IMPLICIT_RETAIN_SELF = YES;
				CLANG_WARN_OBJC_LITERAL_CONVERSION = YES;
				CLANG_WARN_OBJC_ROOT_CLASS = YES_ERROR;
				CLANG_WARN_QUOTED_INCLUDE_IN_FRAMEWORK_HEADER = YES;
				CLANG_WARN_RANGE_LOOP_ANALYSIS = YES;
				CLANG_WARN_STRICT_PROTOTYPES = YES;
				CLANG_WARN_SUSPICIOUS_MOVE = YES;
				CLANG_WARN_UNGUARDED_AVAILABILITY = YES_AGGRESSIVE;
				CLANG_WARN_UNREACHABLE_CODE = YES;
				CLANG_WARN__DUPLICATE_METHOD_MATCH = YES;
				COPY_PHASE_STRIP = NO;
				DEBUG_INFORMATION_FORMAT = dwarf;
				ENABLE_STRICT_OBJC_MSGSEND = YES;
				ENABLE_TESTABILITY = YES;
				ENABLE_USER_SCRIPT_SANDBOXING = YES;
				GCC_C_LANGUAGE_STANDARD = gnu17;
				GCC_DYNAMIC_NO_PIC = NO;
				GCC_NO_COMMON_BLOCKS = YES;
				GCC_OPTIMIZATION_LEVEL = 0;
				GCC_PREPROCESSOR_DEFINITIONS = (
					"DEBUG=1",
					"$(inherited)",
				);
				GCC_WARN_64_TO_32_BIT_CONVERSION = YES;
				GCC_WARN_ABOUT_RETURN_TYPE = YES_ERROR;
				GCC_WARN_UNDECLARED_SELECTOR = YES;
				GCC_WARN_UNINITIALIZED_AUTOS = YES_AGGRESSIVE;
				GCC_WARN_UNUSED_FUNCTION = YES;
				GCC_WARN_UNUSED_VARIABLE = YES;
				LOCALIZATION_PREFERS_STRING_CATALOGS = YES;
				MTL_ENABLE_DEBUG_INFO = INCLUDE_SOURCE;
				MTL_FAST_MATH = YES;
				ONLY_ACTIVE_ARCH = YES;
				SWIFT_ACTIVE_COMPILATION_CONDITIONS = "DEBUG $(inherited)";
				SWIFT_OPTIMIZATION_LEVEL = "-Onone";
			};
			name = Debug;
		};
		94B643612C5F95F20050518F /* Release */ = {
			isa = XCBuildConfiguration;
			buildSettings = {
				ALWAYS_SEARCH_USER_PATHS = NO;
				ASSETCATALOG_COMPILER_GENERATE_SWIFT_ASSET_SYMBOL_EXTENSIONS = YES;
				CLANG_ANALYZER_NONNULL = YES;
				CLANG_ANALYZER_NUMBER_OBJECT_CONVERSION = YES_AGGRESSIVE;
				CLANG_CXX_LANGUAGE_STANDARD = "gnu++20";
				CLANG_ENABLE_MODULES = YES;
				CLANG_ENABLE_OBJC_ARC = YES;
				CLANG_ENABLE_OBJC_WEAK = YES;
				CLANG_WARN_BLOCK_CAPTURE_AUTORELEASING = YES;
				CLANG_WARN_BOOL_CONVERSION = YES;
				CLANG_WARN_COMMA = YES;
				CLANG_WARN_CONSTANT_CONVERSION = YES;
				CLANG_WARN_DEPRECATED_OBJC_IMPLEMENTATIONS = YES;
				CLANG_WARN_DIRECT_OBJC_ISA_USAGE = YES_ERROR;
				CLANG_WARN_DOCUMENTATION_COMMENTS = YES;
				CLANG_WARN_EMPTY_BODY = YES;
				CLANG_WARN_ENUM_CONVERSION = YES;
				CLANG_WARN_INFINITE_RECURSION = YES;
				CLANG_WARN_INT_CONVERSION = YES;
				CLANG_WARN_NON_LITERAL_NULL_CONVERSION = YES;
				CLANG_WARN_OBJC_IMPLICIT_RETAIN_SELF = YES;
				CLANG_WARN_OBJC_LITERAL_CONVERSION = YES;
				CLANG_WARN_OBJC_ROOT_CLASS = YES_ERROR;
				CLANG_WARN_QUOTED_INCLUDE_IN_FRAMEWORK_HEADER = YES;
				CLANG_WARN_RANGE_LOOP_ANALYSIS = YES;
				CLANG_WARN_STRICT_PROTOTYPES = YES;
				CLANG_WARN_SUSPICIOUS_MOVE = YES;
				CLANG_WARN_UNGUARDED_AVAILABILITY = YES_AGGRESSIVE;
				CLANG_WARN_UNREACHABLE_CODE = YES;
				CLANG_WARN__DUPLICATE_METHOD_MATCH = YES;
				COPY_PHASE_STRIP = NO;
				DEBUG_INFORMATION_FORMAT = "dwarf-with-dsym";
				ENABLE_NS_ASSERTIONS = NO;
				ENABLE_STRICT_OBJC_MSGSEND = YES;
				ENABLE_USER_SCRIPT_SANDBOXING = YES;
				GCC_C_LANGUAGE_STANDARD = gnu17;
				GCC_NO_COMMON_BLOCKS = YES;
				GCC_WARN_64_TO_32_BIT_CONVERSION = YES;
				GCC_WARN_ABOUT_RETURN_TYPE = YES_ERROR;
				GCC_WARN_UNDECLARED_SELECTOR = YES;
				GCC_WARN_UNINITIALIZED_AUTOS = YES_AGGRESSIVE;
				GCC_WARN_UNUSED_FUNCTION = YES;
				GCC_WARN_UNUSED_VARIABLE = YES;
				LOCALIZATION_PREFERS_STRING_CATALOGS = YES;
				MTL_ENABLE_DEBUG_INFO = NO;
				MTL_FAST_MATH = YES;
				SWIFT_COMPILATION_MODE = wholemodule;
			};
			name = Release;
		};
		94B643632C5F95F20050518F /* Debug */ = {
			isa = XCBuildConfiguration;
			buildSettings = {
				ASSETCATALOG_COMPILER_APPICON_NAME = AppIcon;
				ASSETCATALOG_COMPILER_GLOBAL_ACCENT_COLOR_NAME = AccentColor;
				CODE_SIGN_ENTITLEMENTS = "frist-ios/frist_ios.entitlements";
				CODE_SIGN_STYLE = Automatic;
				CURRENT_PROJECT_VERSION = 1;
				DEVELOPMENT_ASSET_PATHS = "\"frist-ios/Preview Content\"";
				ENABLE_PREVIEWS = YES;
				GENERATE_INFOPLIST_FILE = YES;
				"INFOPLIST_KEY_UIApplicationSceneManifest_Generation[sdk=iphoneos*]" = YES;
				"INFOPLIST_KEY_UIApplicationSceneManifest_Generation[sdk=iphonesimulator*]" = YES;
				"INFOPLIST_KEY_UIApplicationSupportsIndirectInputEvents[sdk=iphoneos*]" = YES;
				"INFOPLIST_KEY_UIApplicationSupportsIndirectInputEvents[sdk=iphonesimulator*]" = YES;
				"INFOPLIST_KEY_UILaunchScreen_Generation[sdk=iphoneos*]" = YES;
				"INFOPLIST_KEY_UILaunchScreen_Generation[sdk=iphonesimulator*]" = YES;
				"INFOPLIST_KEY_UIStatusBarStyle[sdk=iphoneos*]" = UIStatusBarStyleDefault;
				"INFOPLIST_KEY_UIStatusBarStyle[sdk=iphonesimulator*]" = UIStatusBarStyleDefault;
				INFOPLIST_KEY_UISupportedInterfaceOrientations_iPad = "UIInterfaceOrientationPortrait UIInterfaceOrientationPortraitUpsideDown UIInterfaceOrientationLandscapeLeft UIInterfaceOrientationLandscapeRight";
				INFOPLIST_KEY_UISupportedInterfaceOrientations_iPhone = "UIInterfaceOrientationPortrait UIInterfaceOrientationLandscapeLeft UIInterfaceOrientationLandscapeRight";
				IPHONEOS_DEPLOYMENT_TARGET = 17.5;
				LD_RUNPATH_SEARCH_PATHS = "@executable_path/Frameworks";
				"LD_RUNPATH_SEARCH_PATHS[sdk=macosx*]" = "@executable_path/../Frameworks";
				MACOSX_DEPLOYMENT_TARGET = 14.0;
				MARKETING_VERSION = 1.0;
				PRODUCT_BUNDLE_IDENTIFIER = "maguro-alternative.frist-ios";
				PRODUCT_NAME = "$(TARGET_NAME)";
				SDKROOT = auto;
				SUPPORTED_PLATFORMS = "iphoneos iphonesimulator macosx";
				SWIFT_EMIT_LOC_STRINGS = YES;
				SWIFT_VERSION = 5.0;
				TARGETED_DEVICE_FAMILY = "1,2";
			};
			name = Debug;
		};
		94B643642C5F95F20050518F /* Release */ = {
			isa = XCBuildConfiguration;
			buildSettings = {
				ASSETCATALOG_COMPILER_APPICON_NAME = AppIcon;
				ASSETCATALOG_COMPILER_GLOBAL_ACCENT_COLOR_NAME = AccentColor;
				CODE_SIGN_ENTITLEMENTS = "frist-ios/frist_ios.entitlements";
				CODE_SIGN_STYLE = Automatic;
				CURRENT_PROJECT_VERSION = 1;
				DEVELOPMENT_ASSET_PATHS = "\"frist-ios/Preview Content\"";
				ENABLE_PREVIEWS = YES;
				GENERATE_INFOPLIST_FILE = YES;
				"INFOPLIST_KEY_UIApplicationSceneManifest_Generation[sdk=iphoneos*]" = YES;
				"INFOPLIST_KEY_UIApplicationSceneManifest_Generation[sdk=iphonesimulator*]" = YES;
				"INFOPLIST_KEY_UIApplicationSupportsIndirectInputEvents[sdk=iphoneos*]" = YES;
				"INFOPLIST_KEY_UIApplicationSupportsIndirectInputEvents[sdk=iphonesimulator*]" = YES;
				"INFOPLIST_KEY_UILaunchScreen_Generation[sdk=iphoneos*]" = YES;
				"INFOPLIST_KEY_UILaunchScreen_Generation[sdk=iphonesimulator*]" = YES;
				"INFOPLIST_KEY_UIStatusBarStyle[sdk=iphoneos*]" = UIStatusBarStyleDefault;
				"INFOPLIST_KEY_UIStatusBarStyle[sdk=iphonesimulator*]" = UIStatusBarStyleDefault;
				INFOPLIST_KEY_UISupportedInterfaceOrientations_iPad = "UIInterfaceOrientationPortrait UIInterfaceOrientationPortraitUpsideDown UIInterfaceOrientationLandscapeLeft UIInterfaceOrientationLandscapeRight";
				INFOPLIST_KEY_UISupportedInterfaceOrientations_iPhone = "UIInterfaceOrientationPortrait UIInterfaceOrientationLandscapeLeft UIInterfaceOrientationLandscapeRight";
				IPHONEOS_DEPLOYMENT_TARGET = 17.5;
				LD_RUNPATH_SEARCH_PATHS = "@executable_path/Frameworks";
				"LD_RUNPATH_SEARCH_PATHS[sdk=macosx*]" = "@executable_path/../Frameworks";
				MACOSX_DEPLOYMENT_TARGET = 14.0;
				MARKETING_VERSION = 1.0;
				PRODUCT_BUNDLE_IDENTIFIER = "maguro-alternative.frist-ios";
				PRODUCT_NAME = "$(TARGET_NAME)";
				SDKROOT = auto;
				SUPPORTED_PLATFORMS = "iphoneos iphonesimulator macosx";
				SWIFT_EMIT_LOC_STRINGS = YES;
				SWIFT_VERSION = 5.0;
				TARGETED_DEVICE_FAMILY = "1,2";
			};
			name = Release;
		};
		94B643662C5F95F20050518F /* Debug */ = {
			isa = XCBuildConfiguration;
			buildSettings = {
				ALWAYS_EMBED_SWIFT_STANDARD_LIBRARIES = YES;
				BUNDLE_LOADER = "$(TEST_HOST)";
				CODE_SIGN_STYLE = Automatic;
				CURRENT_PROJECT_VERSION = 1;
				GENERATE_INFOPLIST_FILE = YES;
				IPHONEOS_DEPLOYMENT_TARGET = 17.5;
				MACOSX_DEPLOYMENT_TARGET = 14.5;
				MARKETING_VERSION = 1.0;
				PRODUCT_BUNDLE_IDENTIFIER = "maguro-alternative.frist-iosTests";
				PRODUCT_NAME = "$(TARGET_NAME)";
				SDKROOT = auto;
				SUPPORTED_PLATFORMS = "iphoneos iphonesimulator macosx";
				SWIFT_EMIT_LOC_STRINGS = NO;
				SWIFT_VERSION = 5.0;
				TARGETED_DEVICE_FAMILY = "1,2";
				TEST_HOST = "$(BUILT_PRODUCTS_DIR)/frist-ios.app/$(BUNDLE_EXECUTABLE_FOLDER_PATH)/frist-ios";
			};
			name = Debug;
		};
		94B643672C5F95F20050518F /* Release */ = {
			isa = XCBuildConfiguration;
			buildSettings = {
				ALWAYS_EMBED_SWIFT_STANDARD_LIBRARIES = YES;
				BUNDLE_LOADER = "$(TEST_HOST)";
				CODE_SIGN_STYLE = Automatic;
				CURRENT_PROJECT_VERSION = 1;
				GENERATE_INFOPLIST_FILE = YES;
				IPHONEOS_DEPLOYMENT_TARGET = 17.5;
				MACOSX_DEPLOYMENT_TARGET = 14.5;
				MARKETING_VERSION = 1.0;
				PRODUCT_BUNDLE_IDENTIFIER = "maguro-alternative.frist-iosTests";
				PRODUCT_NAME = "$(TARGET_NAME)";
				SDKROOT = auto;
				SUPPORTED_PLATFORMS = "iphoneos iphonesimulator macosx";
				SWIFT_EMIT_LOC_STRINGS = NO;
				SWIFT_VERSION = 5.0;
				TARGETED_DEVICE_FAMILY = "1,2";
				TEST_HOST = "$(BUILT_PRODUCTS_DIR)/frist-ios.app/$(BUNDLE_EXECUTABLE_FOLDER_PATH)/frist-ios";
			};
			name = Release;
		};
		94B643692C5F95F20050518F /* Debug */ = {
			isa = XCBuildConfiguration;
			buildSettings = {
				ALWAYS_EMBED_SWIFT_STANDARD_LIBRARIES = YES;
				CODE_SIGN_STYLE = Automatic;
				CURRENT_PROJECT_VERSION = 1;
				GENERATE_INFOPLIST_FILE = YES;
				IPHONEOS_DEPLOYMENT_TARGET = 17.5;
				MACOSX_DEPLOYMENT_TARGET = 14.5;
				MARKETING_VERSION = 1.0;
				PRODUCT_BUNDLE_IDENTIFIER = "maguro-alternative.frist-iosUITests";
				PRODUCT_NAME = "$(TARGET_NAME)";
				SDKROOT = auto;
				SUPPORTED_PLATFORMS = "iphoneos iphonesimulator macosx";
				SWIFT_EMIT_LOC_STRINGS = NO;
				SWIFT_VERSION = 5.0;
				TARGETED_DEVICE_FAMILY = "1,2";
				TEST_TARGET_NAME = "frist-ios";
			};
			name = Debug;
		};
		94B6436A2C5F95F20050518F /* Release */ = {
			isa = XCBuildConfiguration;
			buildSettings = {
				ALWAYS_EMBED_SWIFT_STANDARD_LIBRARIES = YES;
				CODE_SIGN_STYLE = Automatic;
				CURRENT_PROJECT_VERSION = 1;
				GENERATE_INFOPLIST_FILE = YES;
				IPHONEOS_DEPLOYMENT_TARGET = 17.5;
				MACOSX_DEPLOYMENT_TARGET = 14.5;
				MARKETING_VERSION = 1.0;
				PRODUCT_BUNDLE_IDENTIFIER = "maguro-alternative.frist-iosUITests";
				PRODUCT_NAME = "$(TARGET_NAME)";
				SDKROOT = auto;
				SUPPORTED_PLATFORMS = "iphoneos iphonesimulator macosx";
				SWIFT_EMIT_LOC_STRINGS = NO;
				SWIFT_VERSION = 5.0;
				TARGETED_DEVICE_FAMILY = "1,2";
				TEST_TARGET_NAME = "frist-ios";
			};
			name = Release;
		};
/* End XCBuildConfiguration section */

/* Begin XCConfigurationList section */
		94B643362C5F95F00050518F /* Build configuration list for PBXProject "frist-ios" */ = {
			isa = XCConfigurationList;
			buildConfigurations = (
				94B643602C5F95F20050518F /* Debug */,
				94B643612C5F95F20050518F /* Release */,
			);
			defaultConfigurationIsVisible = 0;
			defaultConfigurationName = Release;
		};
		94B643622C5F95F20050518F /* Build configuration list for PBXNativeTarget "frist-ios" */ = {
			isa = XCConfigurationList;
			buildConfigurations = (
				94B643632C5F95F20050518F /* Debug */,
				94B643642C5F95F20050518F /* Release */,
			);
			defaultConfigurationIsVisible = 0;
			defaultConfigurationName = Release;
		};
		94B643652C5F95F20050518F /* Build configuration list for PBXNativeTarget "frist-iosTests" */ = {
			isa = XCConfigurationList;
			buildConfigurations = (
				94B643662C5F95F20050518F /* Debug */,
				94B643672C5F95F20050518F /* Release */,
			);
			defaultConfigurationIsVisible = 0;
			defaultConfigurationName = Release;
		};
		94B643682C5F95F20050518F /* Build configuration list for PBXNativeTarget "frist-iosUITests" */ = {
			isa = XCConfigurationList;
			buildConfigurations = (
				94B643692C5F95F20050518F /* Debug */,
				94B6436A2C5F95F20050518F /* Release */,
			);
			defaultConfigurationIsVisible = 0;
			defaultConfigurationName = Release;
		};
/* End XCConfigurationList section */
	};
	rootObject = 94B643332C5F95F00050518F /* Project object */;
}
